{
  "name": "naheui",
  "version": "0.4.2",
  "lockfileVersion": 3,
  "requires": true,
  "packages": {
    "": {
      "name": "naheui",
      "version": "0.4.2",
      "license": "BSD-2-Clause",
      "dependencies": {
        "minimist": "^1.2.5"
      },
      "bin": {
        "naheui": "cli.js"
      }
    },
    "node_modules/minimist": {
      "version": "1.2.6",
      "resolved": "https://registry.npmjs.org/minimist/-/minimist-1.2.6.tgz",
      "integrity": "sha512-Jsjnk4bw3YJqYzbdyBiNsPWHPfO++UGG749Cxs6peCu5Xg4nrena6OVxOYxrQTqww0Jmwt+Ref8rggumkTLz9Q==",
      "license": "MIT"
    }
  }
}
